
Microsoft Visual Studio Solution File, Format Version 12.00
# Visual Studio Version 16
VisualStudioVersion = 16.0.30114.105
MinimumVisualStudioVersion = 10.0.40219.1
Project("{FAE04EC0-301F-11D3-BF4B-00C04F79EFBC}") = "cb_down", "cb_down\cb_down.csproj", "{733A6165-4103-4D09-BD0F-87211E0A0274}"
EndProject
Global
	GlobalSection(SolutionConfigurationPlatforms) = preSolution
		Debug|Any CPU = Debug|Any CPU
		Release|Any CPU = Release|Any CPU
	EndGlobalSection
	GlobalSection(ProjectConfigurationPlatforms) = postSolution
		{733A6165-4103-4D09-BD0F-87211E0A0274}.Debug|Any CPU.ActiveCfg = Debug|Any CPU
		{733A6165-4103-4D09-BD0F-87211E0A0274}.Debug|Any CPU.Build.0 = Debug|Any CPU
		{733A6165-4103-4D09-BD0F-87211E0A0274}.Release|Any CPU.ActiveCfg = Release|Any CPU
		{733A6165-4103-4D09-BD0F-87211E0A0274}.Release|Any CPU.Build.0 = Release|Any CPU
	EndGlobalSection
	GlobalSection(SolutionProperties) = preSolution
		HideSolutionNode = FALSE
	EndGlobalSection
	GlobalSection(ExtensibilityGlobals) = postSolution
		SolutionGuid = {46710AEA-1BA7-43CB-8F1D-67F4505CA748}
	EndGlobalSection
EndGlobal
